
Microsoft Visual Studio Solution File, Format Version 12.00
# Visual Studio 15
VisualStudioVersion = 15.0.27428.1
MinimumVisualStudioVersion = 10.0.40219.1
Project("{9A19103F-16F7-4668-BE54-9A1E7A4F7556}") = "ShedServer", "..\ShedServer\ShedServer.csproj", "{23BAE13C-E518-443C-843B-2C721D45FEDC}"
EndProject
Project("{9A19103F-16F7-4668-BE54-9A1E7A4F7556}") = "ShedWebService", "..\ShedWebService\ShedWebService.csproj", "{3C581068-AB86-4825-8A5C-CBD6C4ADCAC8}"
EndProject
Global
	GlobalSection(SolutionConfigurationPlatforms) = preSolution
		Debug|Any CPU = Debug|Any CPU
		Release|Any CPU = Release|Any CPU
	EndGlobalSection
	GlobalSection(ProjectConfigurationPlatforms) = postSolution
		{23BAE13C-E518-443C-843B-2C721D45FEDC}.Debug|Any CPU.ActiveCfg = Debug|Any CPU
		{23BAE13C-E518-443C-843B-2C721D45FEDC}.Debug|Any CPU.Build.0 = Debug|Any CPU
		{23BAE13C-E518-443C-843B-2C721D45FEDC}.Release|Any CPU.ActiveCfg = Release|Any CPU
		{23BAE13C-E518-443C-843B-2C721D45FEDC}.Release|Any CPU.Build.0 = Release|Any CPU
		{3C581068-AB86-4825-8A5C-CBD6C4ADCAC8}.Debug|Any CPU.ActiveCfg = Debug|Any CPU
		{3C581068-AB86-4825-8A5C-CBD6C4ADCAC8}.Debug|Any CPU.Build.0 = Debug|Any CPU
		{3C581068-AB86-4825-8A5C-CBD6C4ADCAC8}.Release|Any CPU.ActiveCfg = Release|Any CPU
		{3C581068-AB86-4825-8A5C-CBD6C4ADCAC8}.Release|Any CPU.Build.0 = Release|Any CPU
	EndGlobalSection
	GlobalSection(SolutionProperties) = preSolution
		HideSolutionNode = FALSE
	EndGlobalSection
	GlobalSection(ExtensibilityGlobals) = postSolution
		SolutionGuid = {2D7DF89E-9F91-43A9-8AA9-35358FE4004F}
	EndGlobalSection
EndGlobal
